// !$*UTF8*$!
{
	archiveVersion = 1;
	classes = {
	};
	objectVersion = 54;
	objects = {

/* Begin PBXBuildFile section */
		06B78F0B5FED94B29D4A2CAB /* ProgressViewModel.swift in Sources */ = {isa = PBXBuildFile; fileRef = ABE467EA8A3461103ED64F8E /* ProgressViewModel.swift */; };
		1C3143045AEF93D93E15F5BE /* ArmyProgressView.swift in Sources */ = {isa = PBXBuildFile; fileRef = CB3B6379DF2A6C39786331A7 /* ArmyProgressView.swift */; };
		1CC67855A47B40AEA85F2387 /* QuickStatsSection.swift in Sources */ = {isa = PBXBuildFile; fileRef = B63B6F143696A1A0BAEFF30E /* QuickStatsSection.swift */; };
		229580099FFF658CE306B8A4 /* ArmyProgressViewTests.swift in Sources */ = {isa = PBXBuildFile; fileRef = CF234D74A93D5F82A6D61600 /* ArmyProgressViewTests.swift */; };
		293738A3994E8DD53AC9282A /* ActiveSessionCard.swift in Sources */ = {isa = PBXBuildFile; fileRef = 3A711CC02023B293DF0871EE /* ActiveSessionCard.swift */; };
		31F6900F706BD74851DC96A3 /* ArmyCard.swift in Sources */ = {isa = PBXBuildFile; fileRef = 1FC723BCF08D4DD6984AA0FA /* ArmyCard.swift */; };
		3D9D1559D7E8A84190186C32 /* NavigationState.swift in Sources */ = {isa = PBXBuildFile; fileRef = C15C85E86EC2BAC89AA10312 /* NavigationState.swift */; };
		4073AC1C9AA0C0610CC32993 /* RuckingSession.swift in Sources */ = {isa = PBXBuildFile; fileRef = 6EBF9913F961513E548FBBF1 /* RuckingSession.swift */; };
		4179B18AB381281913778537 /* ProgressChart.swift in Sources */ = {isa = PBXBuildFile; fileRef = 3C995605292364CBEB264E56 /* ProgressChart.swift */; };
		44C0E3936E8BB2C9AC9A4638 /* FirebaseCrashlytics in Frameworks */ = {isa = PBXBuildFile; productRef = 27FCBF7070CBBE56B1D1A4AC /* FirebaseCrashlytics */; };
		47001D0F9DA9C496334BD595 /* Assets.xcassets in Resources */ = {isa = PBXBuildFile; fileRef = 5CCDC351514231A35C859B2C /* Assets.xcassets */; };
		4E5869EC4B1E3D666E866BD5 /* RoutesView.swift in Sources */ = {isa = PBXBuildFile; fileRef = 611ED0CF4720044CB4088A18 /* RoutesView.swift */; };
		521E5D6E8B762D4317916AEB /* RuckMapApp.swift in Sources */ = {isa = PBXBuildFile; fileRef = 05D83710300633455EA97CBF /* RuckMapApp.swift */; };
		54C02DDDB1531FB6F28ECCBA /* ColorArmyTests.swift in Sources */ = {isa = PBXBuildFile; fileRef = C8039266E2057082EAF1EEDE /* ColorArmyTests.swift */; };
		55EA4371A769AC6DFC82A01D /* TelemetryDeck in Frameworks */ = {isa = PBXBuildFile; productRef = FE46883195B93F075E8AEFFA /* TelemetryDeck */; };
		59E1612ACF74C40E307B68B4 /* CommunityView.swift in Sources */ = {isa = PBXBuildFile; fileRef = E08A7C57DE262064561D801E /* CommunityView.swift */; };
		5C7A439F5EB24536A52A93D7 /* ProfileView.swift in Sources */ = {isa = PBXBuildFile; fileRef = 681A69F369138E7DAED3F0FD /* ProfileView.swift */; };
		604E0CDE5BE613A27F77E4F3 /* ProgressModels.swift in Sources */ = {isa = PBXBuildFile; fileRef = 10F4F5492D1D708970C12787 /* ProgressModels.swift */; };
		678F1FF46A8C39FFC41B33FF /* MainTabViewTests.swift in Sources */ = {isa = PBXBuildFile; fileRef = C382367098AB2E2FCF129F1C /* MainTabViewTests.swift */; };
		685B20C11514F0ED2709F074 /* Font+Army.swift in Sources */ = {isa = PBXBuildFile; fileRef = 1CF2E4F18925A39828859F9E /* Font+Army.swift */; };
		6C4115DB419D16A2F3352E07 /* ProgressView.swift in Sources */ = {isa = PBXBuildFile; fileRef = 2A660FE2A2B0BC26DBBDFCF1 /* ProgressView.swift */; };
		6D6791794F32F1582ADD1E0E /* PersonalRecordsSection.swift in Sources */ = {isa = PBXBuildFile; fileRef = BDCF90C5332DF993BCBABFC6 /* PersonalRecordsSection.swift */; };
		722B95F485CA69F84BCEB3E2 /* MainTabView.swift in Sources */ = {isa = PBXBuildFile; fileRef = 722BF9BE04EB318FB08762A5 /* MainTabView.swift */; };
		7C6F9CE7F3DD7271A3B47B57 /* SummaryStatsGrid.swift in Sources */ = {isa = PBXBuildFile; fileRef = 0755CD02D4212EEBEC7149B4 /* SummaryStatsGrid.swift */; };
		7F290FCB30ECAD2D29E29CDE /* AchievementProgressSection.swift in Sources */ = {isa = PBXBuildFile; fileRef = B997D30BE532D74A0DF25443 /* AchievementProgressSection.swift */; };
		84E35EF9E02AA9BD87232BAE /* Color+Army.swift in Sources */ = {isa = PBXBuildFile; fileRef = 63D19DF37F877705DA551DC3 /* Color+Army.swift */; };
		8EF1CBDA4EC2FB58C15043E0 /* ArmyCardTests.swift in Sources */ = {isa = PBXBuildFile; fileRef = 9C1EEA7D426B4E22B3718165 /* ArmyCardTests.swift */; };
		93298F6DBBE507CCBB3DE693 /* RevenueCatUI in Frameworks */ = {isa = PBXBuildFile; productRef = DFB6272E4042A955E0ADBD6D /* RevenueCatUI */; };
		94DD82BA454B8375865BA3EF /* TimeRangePicker.swift in Sources */ = {isa = PBXBuildFile; fileRef = F08AA681A30B5BB28E00C10B /* TimeRangePicker.swift */; };
		99B851E7436BBE9EF462CDA2 /* StartRuckCard.swift in Sources */ = {isa = PBXBuildFile; fileRef = 1B191CB8A397C81685CDE0F2 /* StartRuckCard.swift */; };
		A0AC83D17AF5D03210C8F601 /* Color+Extensions.swift in Sources */ = {isa = PBXBuildFile; fileRef = 17A32BA0C446D4C205E923F8 /* Color+Extensions.swift */; };
		A5DD27E00721D26A488CEEFA /* RecentActivitiesSection.swift in Sources */ = {isa = PBXBuildFile; fileRef = 81CD4153091968684C85A408 /* RecentActivitiesSection.swift */; };
		B0DF045643DF16345291E116 /* ActivityViewModel.swift in Sources */ = {isa = PBXBuildFile; fileRef = 8924E30ADCE961BC31B1E5F3 /* ActivityViewModel.swift */; };
		B4670CD66C914D5BB98C7856 /* ArmyButton.swift in Sources */ = {isa = PBXBuildFile; fileRef = 2744C7C6C49377F08929D9D3 /* ArmyButton.swift */; };
		B4B6057C02F8FA349AC65715 /* NavigationStateTests.swift in Sources */ = {isa = PBXBuildFile; fileRef = 57B55A7DF5F80D9769BD4742 /* NavigationStateTests.swift */; };
		BEB8C84914D69CCB1501E68B /* ActivityView.swift in Sources */ = {isa = PBXBuildFile; fileRef = 5874FCEA7F2671925F01025F /* ActivityView.swift */; };
		CD2F06EBDB0DDD0A7EE733F8 /* FirebaseAnalytics in Frameworks */ = {isa = PBXBuildFile; productRef = 6E6293A61F25789D0075678D /* FirebaseAnalytics */; };
		D95FE72FCA299C8805F3142F /* RevenueCat in Frameworks */ = {isa = PBXBuildFile; productRef = 5265D489BC7125EA48681348 /* RevenueCat */; };
		DC63381951B2F0758B6C39C8 /* WishKit in Frameworks */ = {isa = PBXBuildFile; productRef = 49D06CE1114F3D1216B421EA /* WishKit */; };
		E446F5BBF0E4E6E36AAE6A5B /* Preview Assets.xcassets in Resources */ = {isa = PBXBuildFile; fileRef = CEE6A98FFDDD2720F45609BA /* Preview Assets.xcassets */; };
		E8D25CD8C0C3BC853E4B90C1 /* ArmyButtonTests.swift in Sources */ = {isa = PBXBuildFile; fileRef = 8D824CBADE15746B6878FA87 /* ArmyButtonTests.swift */; };
		FC01F533BA58838BB59AE91E /* FontArmyTests.swift in Sources */ = {isa = PBXBuildFile; fileRef = 30C4DD7E498D7197D769EC73 /* FontArmyTests.swift */; };
/* End PBXBuildFile section */

/* Begin PBXContainerItemProxy section */
		3B376F4D1B57AE1DDB38A0DC /* PBXContainerItemProxy */ = {
			isa = PBXContainerItemProxy;
			containerPortal = 03DB0E5D9C02A9E562BDBBFC /* Project object */;
			proxyType = 1;
			remoteGlobalIDString = FA825087D7FED906489E7A88;
			remoteInfo = RuckMap;
		};
		77881768B70F3D9783EC870A /* PBXContainerItemProxy */ = {
			isa = PBXContainerItemProxy;
			containerPortal = 03DB0E5D9C02A9E562BDBBFC /* Project object */;
			proxyType = 1;
			remoteGlobalIDString = FA825087D7FED906489E7A88;
			remoteInfo = RuckMap;
		};
/* End PBXContainerItemProxy section */

/* Begin PBXFileReference section */
		05D83710300633455EA97CBF /* RuckMapApp.swift */ = {isa = PBXFileReference; lastKnownFileType = sourcecode.swift; path = RuckMapApp.swift; sourceTree = "<group>"; };
		0755CD02D4212EEBEC7149B4 /* SummaryStatsGrid.swift */ = {isa = PBXFileReference; lastKnownFileType = sourcecode.swift; path = SummaryStatsGrid.swift; sourceTree = "<group>"; };
		10F4F5492D1D708970C12787 /* ProgressModels.swift */ = {isa = PBXFileReference; lastKnownFileType = sourcecode.swift; path = ProgressModels.swift; sourceTree = "<group>"; };
		17A32BA0C446D4C205E923F8 /* Color+Extensions.swift */ = {isa = PBXFileReference; lastKnownFileType = sourcecode.swift; path = "Color+Extensions.swift"; sourceTree = "<group>"; };
		1B191CB8A397C81685CDE0F2 /* StartRuckCard.swift */ = {isa = PBXFileReference; lastKnownFileType = sourcecode.swift; path = StartRuckCard.swift; sourceTree = "<group>"; };
		1CF2E4F18925A39828859F9E /* Font+Army.swift */ = {isa = PBXFileReference; lastKnownFileType = sourcecode.swift; path = "Font+Army.swift"; sourceTree = "<group>"; };
		1FC723BCF08D4DD6984AA0FA /* ArmyCard.swift */ = {isa = PBXFileReference; lastKnownFileType = sourcecode.swift; path = ArmyCard.swift; sourceTree = "<group>"; };
		2744C7C6C49377F08929D9D3 /* ArmyButton.swift */ = {isa = PBXFileReference; lastKnownFileType = sourcecode.swift; path = ArmyButton.swift; sourceTree = "<group>"; };
		2A660FE2A2B0BC26DBBDFCF1 /* ProgressView.swift */ = {isa = PBXFileReference; lastKnownFileType = sourcecode.swift; path = ProgressView.swift; sourceTree = "<group>"; };
		30C4DD7E498D7197D769EC73 /* FontArmyTests.swift */ = {isa = PBXFileReference; lastKnownFileType = sourcecode.swift; path = FontArmyTests.swift; sourceTree = "<group>"; };
		35C29EC2736AA1859FA2D4C4 /* RuckMapUITests.xctest */ = {isa = PBXFileReference; includeInIndex = 0; lastKnownFileType = wrapper.cfbundle; path = RuckMapUITests.xctest; sourceTree = BUILT_PRODUCTS_DIR; };
		3A711CC02023B293DF0871EE /* ActiveSessionCard.swift */ = {isa = PBXFileReference; lastKnownFileType = sourcecode.swift; path = ActiveSessionCard.swift; sourceTree = "<group>"; };
		3C995605292364CBEB264E56 /* ProgressChart.swift */ = {isa = PBXFileReference; lastKnownFileType = sourcecode.swift; path = ProgressChart.swift; sourceTree = "<group>"; };
		50724E613A164DD2AB7E5090 /* RuckMapTests.xctest */ = {isa = PBXFileReference; includeInIndex = 0; lastKnownFileType = wrapper.cfbundle; path = RuckMapTests.xctest; sourceTree = BUILT_PRODUCTS_DIR; };
		57B55A7DF5F80D9769BD4742 /* NavigationStateTests.swift */ = {isa = PBXFileReference; lastKnownFileType = sourcecode.swift; path = NavigationStateTests.swift; sourceTree = "<group>"; };
		5874FCEA7F2671925F01025F /* ActivityView.swift */ = {isa = PBXFileReference; lastKnownFileType = sourcecode.swift; path = ActivityView.swift; sourceTree = "<group>"; };
		5CCDC351514231A35C859B2C /* Assets.xcassets */ = {isa = PBXFileReference; lastKnownFileType = folder.assetcatalog; path = Assets.xcassets; sourceTree = "<group>"; };
		611ED0CF4720044CB4088A18 /* RoutesView.swift */ = {isa = PBXFileReference; lastKnownFileType = sourcecode.swift; path = RoutesView.swift; sourceTree = "<group>"; };
		63D19DF37F877705DA551DC3 /* Color+Army.swift */ = {isa = PBXFileReference; lastKnownFileType = sourcecode.swift; path = "Color+Army.swift"; sourceTree = "<group>"; };
		681A69F369138E7DAED3F0FD /* ProfileView.swift */ = {isa = PBXFileReference; lastKnownFileType = sourcecode.swift; path = ProfileView.swift; sourceTree = "<group>"; };
		6EBF9913F961513E548FBBF1 /* RuckingSession.swift */ = {isa = PBXFileReference; lastKnownFileType = sourcecode.swift; path = RuckingSession.swift; sourceTree = "<group>"; };
		722BF9BE04EB318FB08762A5 /* MainTabView.swift */ = {isa = PBXFileReference; lastKnownFileType = sourcecode.swift; path = MainTabView.swift; sourceTree = "<group>"; };
		81CD4153091968684C85A408 /* RecentActivitiesSection.swift */ = {isa = PBXFileReference; lastKnownFileType = sourcecode.swift; path = RecentActivitiesSection.swift; sourceTree = "<group>"; };
		8924E30ADCE961BC31B1E5F3 /* ActivityViewModel.swift */ = {isa = PBXFileReference; lastKnownFileType = sourcecode.swift; path = ActivityViewModel.swift; sourceTree = "<group>"; };
		8D824CBADE15746B6878FA87 /* ArmyButtonTests.swift */ = {isa = PBXFileReference; lastKnownFileType = sourcecode.swift; path = ArmyButtonTests.swift; sourceTree = "<group>"; };
		9C1EEA7D426B4E22B3718165 /* ArmyCardTests.swift */ = {isa = PBXFileReference; lastKnownFileType = sourcecode.swift; path = ArmyCardTests.swift; sourceTree = "<group>"; };
		ABE467EA8A3461103ED64F8E /* ProgressViewModel.swift */ = {isa = PBXFileReference; lastKnownFileType = sourcecode.swift; path = ProgressViewModel.swift; sourceTree = "<group>"; };
		B63B6F143696A1A0BAEFF30E /* QuickStatsSection.swift */ = {isa = PBXFileReference; lastKnownFileType = sourcecode.swift; path = QuickStatsSection.swift; sourceTree = "<group>"; };
		B997D30BE532D74A0DF25443 /* AchievementProgressSection.swift */ = {isa = PBXFileReference; lastKnownFileType = sourcecode.swift; path = AchievementProgressSection.swift; sourceTree = "<group>"; };
		BDCF90C5332DF993BCBABFC6 /* PersonalRecordsSection.swift */ = {isa = PBXFileReference; lastKnownFileType = sourcecode.swift; path = PersonalRecordsSection.swift; sourceTree = "<group>"; };
		C15C85E86EC2BAC89AA10312 /* NavigationState.swift */ = {isa = PBXFileReference; lastKnownFileType = sourcecode.swift; path = NavigationState.swift; sourceTree = "<group>"; };
		C382367098AB2E2FCF129F1C /* MainTabViewTests.swift */ = {isa = PBXFileReference; lastKnownFileType = sourcecode.swift; path = MainTabViewTests.swift; sourceTree = "<group>"; };
		C8039266E2057082EAF1EEDE /* ColorArmyTests.swift */ = {isa = PBXFileReference; lastKnownFileType = sourcecode.swift; path = ColorArmyTests.swift; sourceTree = "<group>"; };
		CB3B6379DF2A6C39786331A7 /* ArmyProgressView.swift */ = {isa = PBXFileReference; lastKnownFileType = sourcecode.swift; path = ArmyProgressView.swift; sourceTree = "<group>"; };
		CEE6A98FFDDD2720F45609BA /* Preview Assets.xcassets */ = {isa = PBXFileReference; lastKnownFileType = folder.assetcatalog; path = "Preview Assets.xcassets"; sourceTree = "<group>"; };
		CF234D74A93D5F82A6D61600 /* ArmyProgressViewTests.swift */ = {isa = PBXFileReference; lastKnownFileType = sourcecode.swift; path = ArmyProgressViewTests.swift; sourceTree = "<group>"; };
		E08A7C57DE262064561D801E /* CommunityView.swift */ = {isa = PBXFileReference; lastKnownFileType = sourcecode.swift; path = CommunityView.swift; sourceTree = "<group>"; };
		F07ED7AA460566842EDE501D /* RuckMap.app */ = {isa = PBXFileReference; includeInIndex = 0; lastKnownFileType = wrapper.application; path = RuckMap.app; sourceTree = BUILT_PRODUCTS_DIR; };
		F08AA681A30B5BB28E00C10B /* TimeRangePicker.swift */ = {isa = PBXFileReference; lastKnownFileType = sourcecode.swift; path = TimeRangePicker.swift; sourceTree = "<group>"; };
/* End PBXFileReference section */

/* Begin PBXFrameworksBuildPhase section */
		A0649D57BFFA9218624E2FE9 /* Frameworks */ = {
			isa = PBXFrameworksBuildPhase;
			buildActionMask = 2147483647;
			files = (
				55EA4371A769AC6DFC82A01D /* TelemetryDeck in Frameworks */,
				DC63381951B2F0758B6C39C8 /* WishKit in Frameworks */,
				D95FE72FCA299C8805F3142F /* RevenueCat in Frameworks */,
				93298F6DBBE507CCBB3DE693 /* RevenueCatUI in Frameworks */,
				44C0E3936E8BB2C9AC9A4638 /* FirebaseCrashlytics in Frameworks */,
				CD2F06EBDB0DDD0A7EE733F8 /* FirebaseAnalytics in Frameworks */,
			);
			runOnlyForDeploymentPostprocessing = 0;
		};
/* End PBXFrameworksBuildPhase section */

/* Begin PBXGroup section */
		0DBEC8D30E7BCA911D4AED08 /* Resources */ = {
			isa = PBXGroup;
			children = (
			);
			path = Resources;
			sourceTree = "<group>";
		};
		2C3592B333A505BB36470B32 /* Activity */ = {
			isa = PBXGroup;
			children = (
				5874FCEA7F2671925F01025F /* ActivityView.swift */,
				71C035A8EB22C2152D857C98 /* Components */,
				D4A0F17815B1ED764BE1DAD8 /* Models */,
				9955608E8D665E646C7CD4D5 /* ViewModels */,
			);
			path = Activity;
			sourceTree = "<group>";
		};
		40B48CF7CDF826F3273D66A6 /* Community */ = {
			isa = PBXGroup;
			children = (
				E08A7C57DE262064561D801E /* CommunityView.swift */,
			);
			path = Community;
			sourceTree = "<group>";
		};
		4720FBB3D0C1EBFD19EAA19C /* Routes */ = {
			isa = PBXGroup;
			children = (
				611ED0CF4720044CB4088A18 /* RoutesView.swift */,
			);
			path = Routes;
			sourceTree = "<group>";
		};
		491E47AB59CFB6F344B6EC3C /* Typography */ = {
			isa = PBXGroup;
			children = (
				30C4DD7E498D7197D769EC73 /* FontArmyTests.swift */,
			);
			path = Typography;
			sourceTree = "<group>";
		};
		5B16B978E62000D5254F9C45 /* Products */ = {
			isa = PBXGroup;
			children = (
				F07ED7AA460566842EDE501D /* RuckMap.app */,
				50724E613A164DD2AB7E5090 /* RuckMapTests.xctest */,
				35C29EC2736AA1859FA2D4C4 /* RuckMapUITests.xctest */,
			);
			name = Products;
			sourceTree = "<group>";
		};
		60B54D69CF3198B7917A232F /* Components */ = {
			isa = PBXGroup;
			children = (
				2744C7C6C49377F08929D9D3 /* ArmyButton.swift */,
				1FC723BCF08D4DD6984AA0FA /* ArmyCard.swift */,
				CB3B6379DF2A6C39786331A7 /* ArmyProgressView.swift */,
			);
			path = Components;
			sourceTree = "<group>";
		};
		640BD64A0DB1AA02B693C99C /* Components */ = {
			isa = PBXGroup;
			children = (
				8D824CBADE15746B6878FA87 /* ArmyButtonTests.swift */,
				9C1EEA7D426B4E22B3718165 /* ArmyCardTests.swift */,
				CF234D74A93D5F82A6D61600 /* ArmyProgressViewTests.swift */,
			);
			path = Components;
			sourceTree = "<group>";
		};
		641EC2F89F472ADBC03617F1 /* DesignSystem */ = {
			isa = PBXGroup;
			children = (
				EAAEDA7801413313A280E88A /* Colors */,
				60B54D69CF3198B7917A232F /* Components */,
				7895B0DCBF1BCE428A57B921 /* Typography */,
			);
			path = DesignSystem;
			sourceTree = "<group>";
		};
		65128C73CB4F6E8271201475 /* Core */ = {
			isa = PBXGroup;
			children = (
				9C02276E727DF599F8AEEBE4 /* Navigation */,
			);
			path = Core;
			sourceTree = "<group>";
		};
		65A02B6130F9BD9B3E7ACD55 /* RuckMap */ = {
			isa = PBXGroup;
			children = (
				5CCDC351514231A35C859B2C /* Assets.xcassets */,
				E46792EE77B8F6B361B10654 /* App */,
				875AA8D9D46789BBE153C282 /* Core */,
				F792FE97D03268AA545FE0F8 /* Features */,
				86A6563DB1959129253C798C /* Preview Content */,
				0DBEC8D30E7BCA911D4AED08 /* Resources */,
			);
			path = RuckMap;
			sourceTree = "<group>";
		};
		71C035A8EB22C2152D857C98 /* Components */ = {
			isa = PBXGroup;
			children = (
				3A711CC02023B293DF0871EE /* ActiveSessionCard.swift */,
				B63B6F143696A1A0BAEFF30E /* QuickStatsSection.swift */,
				81CD4153091968684C85A408 /* RecentActivitiesSection.swift */,
				1B191CB8A397C81685CDE0F2 /* StartRuckCard.swift */,
			);
			path = Components;
			sourceTree = "<group>";
		};
		7895B0DCBF1BCE428A57B921 /* Typography */ = {
			isa = PBXGroup;
			children = (
				1CF2E4F18925A39828859F9E /* Font+Army.swift */,
			);
			path = Typography;
			sourceTree = "<group>";
		};
		838E46E69D4911D30C3ACA03 /* Colors */ = {
			isa = PBXGroup;
			children = (
				C8039266E2057082EAF1EEDE /* ColorArmyTests.swift */,
			);
			path = Colors;
			sourceTree = "<group>";
		};
		86A6563DB1959129253C798C /* Preview Content */ = {
			isa = PBXGroup;
			children = (
				CEE6A98FFDDD2720F45609BA /* Preview Assets.xcassets */,
			);
			path = "Preview Content";
			sourceTree = "<group>";
		};
		875AA8D9D46789BBE153C282 /* Core */ = {
			isa = PBXGroup;
			children = (
				641EC2F89F472ADBC03617F1 /* DesignSystem */,
				AE7CAE2870C2AA9675B15F61 /* Navigation */,
			);
			path = Core;
			sourceTree = "<group>";
		};
		8A1C4B4BE58941D92AC870C1 = {
			isa = PBXGroup;
			children = (
				65A02B6130F9BD9B3E7ACD55 /* RuckMap */,
				AC2E49D4A2154BD3989975EA /* RuckMapTests */,
				A8A3ABE759EEBC0FF6DFB5E2 /* RuckMapUITests */,
				5B16B978E62000D5254F9C45 /* Products */,
			);
			sourceTree = "<group>";
		};
		9475C21638B0BB2F933249DE /* Profile */ = {
			isa = PBXGroup;
			children = (
				681A69F369138E7DAED3F0FD /* ProfileView.swift */,
			);
			path = Profile;
			sourceTree = "<group>";
		};
		9955608E8D665E646C7CD4D5 /* ViewModels */ = {
			isa = PBXGroup;
			children = (
				8924E30ADCE961BC31B1E5F3 /* ActivityViewModel.swift */,
			);
			path = ViewModels;
			sourceTree = "<group>";
		};
		9C02276E727DF599F8AEEBE4 /* Navigation */ = {
			isa = PBXGroup;
			children = (
				C382367098AB2E2FCF129F1C /* MainTabViewTests.swift */,
				57B55A7DF5F80D9769BD4742 /* NavigationStateTests.swift */,
			);
			path = Navigation;
			sourceTree = "<group>";
		};
		A8A3ABE759EEBC0FF6DFB5E2 /* RuckMapUITests */ = {
			isa = PBXGroup;
			children = (
			);
			path = RuckMapUITests;
			sourceTree = "<group>";
		};
		A8C26A3A421480E0772B15E6 /* Components */ = {
			isa = PBXGroup;
			children = (
				B997D30BE532D74A0DF25443 /* AchievementProgressSection.swift */,
				BDCF90C5332DF993BCBABFC6 /* PersonalRecordsSection.swift */,
				3C995605292364CBEB264E56 /* ProgressChart.swift */,
				0755CD02D4212EEBEC7149B4 /* SummaryStatsGrid.swift */,
				F08AA681A30B5BB28E00C10B /* TimeRangePicker.swift */,
			);
			path = Components;
			sourceTree = "<group>";
		};
		AC2E49D4A2154BD3989975EA /* RuckMapTests */ = {
			isa = PBXGroup;
			children = (
				65128C73CB4F6E8271201475 /* Core */,
				CB0AFE8A5253BFD2B6420A41 /* DesignSystem */,
			);
			path = RuckMapTests;
			sourceTree = "<group>";
		};
		AE7CAE2870C2AA9675B15F61 /* Navigation */ = {
			isa = PBXGroup;
			children = (
				722BF9BE04EB318FB08762A5 /* MainTabView.swift */,
				C15C85E86EC2BAC89AA10312 /* NavigationState.swift */,
			);
			path = Navigation;
			sourceTree = "<group>";
		};
		B0145B4163BFC30D03B01245 /* ViewModels */ = {
			isa = PBXGroup;
			children = (
				ABE467EA8A3461103ED64F8E /* ProgressViewModel.swift */,
			);
			path = ViewModels;
			sourceTree = "<group>";
		};
		CB0AFE8A5253BFD2B6420A41 /* DesignSystem */ = {
			isa = PBXGroup;
			children = (
				838E46E69D4911D30C3ACA03 /* Colors */,
				640BD64A0DB1AA02B693C99C /* Components */,
				491E47AB59CFB6F344B6EC3C /* Typography */,
			);
			path = DesignSystem;
			sourceTree = "<group>";
		};
		D4A0F17815B1ED764BE1DAD8 /* Models */ = {
			isa = PBXGroup;
			children = (
				6EBF9913F961513E548FBBF1 /* RuckingSession.swift */,
			);
			path = Models;
			sourceTree = "<group>";
		};
		E46792EE77B8F6B361B10654 /* App */ = {
			isa = PBXGroup;
			children = (
				05D83710300633455EA97CBF /* RuckMapApp.swift */,
			);
			path = App;
			sourceTree = "<group>";
		};
		EAAEDA7801413313A280E88A /* Colors */ = {
			isa = PBXGroup;
			children = (
				63D19DF37F877705DA551DC3 /* Color+Army.swift */,
				17A32BA0C446D4C205E923F8 /* Color+Extensions.swift */,
			);
			path = Colors;
			sourceTree = "<group>";
		};
		F45734677B20175AEB0EE7B1 /* Models */ = {
			isa = PBXGroup;
			children = (
				10F4F5492D1D708970C12787 /* ProgressModels.swift */,
			);
			path = Models;
			sourceTree = "<group>";
		};
		F792FE97D03268AA545FE0F8 /* Features */ = {
			isa = PBXGroup;
			children = (
				2C3592B333A505BB36470B32 /* Activity */,
				40B48CF7CDF826F3273D66A6 /* Community */,
				9475C21638B0BB2F933249DE /* Profile */,
				FADBEDEFD9676C479181761C /* Progress */,
				4720FBB3D0C1EBFD19EAA19C /* Routes */,
			);
			path = Features;
			sourceTree = "<group>";
		};
		FADBEDEFD9676C479181761C /* Progress */ = {
			isa = PBXGroup;
			children = (
				2A660FE2A2B0BC26DBBDFCF1 /* ProgressView.swift */,
				A8C26A3A421480E0772B15E6 /* Components */,
				F45734677B20175AEB0EE7B1 /* Models */,
				B0145B4163BFC30D03B01245 /* ViewModels */,
			);
			path = Progress;
			sourceTree = "<group>";
		};
/* End PBXGroup section */

/* Begin PBXNativeTarget section */
		0E7BA3AE17D607E81C4C10A0 /* RuckMapUITests */ = {
			isa = PBXNativeTarget;
			buildConfigurationList = FFF9CBE4F973FF7CC129BF8D /* Build configuration list for PBXNativeTarget "RuckMapUITests" */;
			buildPhases = (
				14B7BB959C562E8B7A9BBC07 /* Sources */,
			);
			buildRules = (
			);
			dependencies = (
				58E6F213A913A03E3B4FF99E /* PBXTargetDependency */,
			);
			name = RuckMapUITests;
			packageProductDependencies = (
			);
			productName = RuckMapUITests;
			productReference = 35C29EC2736AA1859FA2D4C4 /* RuckMapUITests.xctest */;
			productType = "com.apple.product-type.bundle.ui-testing";
		};
		D7D015A05C909E5EC45EF662 /* RuckMapTests */ = {
			isa = PBXNativeTarget;
			buildConfigurationList = 40C5FD2E447ECD00B1DD17B6 /* Build configuration list for PBXNativeTarget "RuckMapTests" */;
			buildPhases = (
				5F62A34FDEF54DB0C03EDE5F /* Sources */,
			);
			buildRules = (
			);
			dependencies = (
				BBBCCAD625B4AE3319F65EA7 /* PBXTargetDependency */,
			);
			name = RuckMapTests;
			packageProductDependencies = (
			);
			productName = RuckMapTests;
			productReference = 50724E613A164DD2AB7E5090 /* RuckMapTests.xctest */;
			productType = "com.apple.product-type.bundle.unit-test";
		};
		FA825087D7FED906489E7A88 /* RuckMap */ = {
			isa = PBXNativeTarget;
			buildConfigurationList = 4C28563CB165DDA607E0A148 /* Build configuration list for PBXNativeTarget "RuckMap" */;
			buildPhases = (
				7765C9A5299B331AB27572B5 /* Sources */,
				F8AF5E69293A2C2301F1D18B /* Resources */,
				A0649D57BFFA9218624E2FE9 /* Frameworks */,
			);
			buildRules = (
			);
			dependencies = (
			);
			name = RuckMap;
			packageProductDependencies = (
				FE46883195B93F075E8AEFFA /* TelemetryDeck */,
				49D06CE1114F3D1216B421EA /* WishKit */,
				5265D489BC7125EA48681348 /* RevenueCat */,
				DFB6272E4042A955E0ADBD6D /* RevenueCatUI */,
				27FCBF7070CBBE56B1D1A4AC /* FirebaseCrashlytics */,
				6E6293A61F25789D0075678D /* FirebaseAnalytics */,
			);
			productName = RuckMap;
			productReference = F07ED7AA460566842EDE501D /* RuckMap.app */;
			productType = "com.apple.product-type.application";
		};
/* End PBXNativeTarget section */

/* Begin PBXProject section */
		03DB0E5D9C02A9E562BDBBFC /* Project object */ = {
			isa = PBXProject;
			attributes = {
				BuildIndependentTargetsInParallel = YES;
				LastUpgradeCheck = 1430;
				TargetAttributes = {
					0E7BA3AE17D607E81C4C10A0 = {
						DevelopmentTeam = "";
						TestTargetID = FA825087D7FED906489E7A88;
					};
					D7D015A05C909E5EC45EF662 = {
						DevelopmentTeam = "";
					};
					FA825087D7FED906489E7A88 = {
						DevelopmentTeam = "";
					};
				};
			};
			buildConfigurationList = 00D5B68172A5A6E647F180E0 /* Build configuration list for PBXProject "RuckMap" */;
			compatibilityVersion = "Xcode 14.0";
			developmentRegion = en;
			hasScannedForEncodings = 0;
			knownRegions = (
				Base,
				en,
			);
			mainGroup = 8A1C4B4BE58941D92AC870C1;
			minimizedProjectReferenceProxies = 1;
			packageReferences = (
				46F514849DD257079BEFB9B3 /* XCRemoteSwiftPackageReference "firebase-ios-sdk" */,
				3628A5C7E134623BBFE79735 /* XCRemoteSwiftPackageReference "purchases-ios-spm" */,
				329298D63007BF4954CB3960 /* XCRemoteSwiftPackageReference "SwiftSDK" */,
				29FF647FF3DDFDF365C8D320 /* XCRemoteSwiftPackageReference "wishkit-ios" */,
			);
			preferredProjectObjectVersion = 54;
			projectDirPath = "";
			projectRoot = "";
			targets = (
				FA825087D7FED906489E7A88 /* RuckMap */,
				D7D015A05C909E5EC45EF662 /* RuckMapTests */,
				0E7BA3AE17D607E81C4C10A0 /* RuckMapUITests */,
			);
		};
/* End PBXProject section */

/* Begin PBXResourcesBuildPhase section */
		F8AF5E69293A2C2301F1D18B /* Resources */ = {
			isa = PBXResourcesBuildPhase;
			buildActionMask = 2147483647;
			files = (
				47001D0F9DA9C496334BD595 /* Assets.xcassets in Resources */,
				E446F5BBF0E4E6E36AAE6A5B /* Preview Assets.xcassets in Resources */,
			);
			runOnlyForDeploymentPostprocessing = 0;
		};
/* End PBXResourcesBuildPhase section */

/* Begin PBXSourcesBuildPhase section */
		14B7BB959C562E8B7A9BBC07 /* Sources */ = {
			isa = PBXSourcesBuildPhase;
			buildActionMask = 2147483647;
			files = (
			);
			runOnlyForDeploymentPostprocessing = 0;
		};
		5F62A34FDEF54DB0C03EDE5F /* Sources */ = {
			isa = PBXSourcesBuildPhase;
			buildActionMask = 2147483647;
			files = (
				E8D25CD8C0C3BC853E4B90C1 /* ArmyButtonTests.swift in Sources */,
				8EF1CBDA4EC2FB58C15043E0 /* ArmyCardTests.swift in Sources */,
				229580099FFF658CE306B8A4 /* ArmyProgressViewTests.swift in Sources */,
				54C02DDDB1531FB6F28ECCBA /* ColorArmyTests.swift in Sources */,
				FC01F533BA58838BB59AE91E /* FontArmyTests.swift in Sources */,
				678F1FF46A8C39FFC41B33FF /* MainTabViewTests.swift in Sources */,
				B4B6057C02F8FA349AC65715 /* NavigationStateTests.swift in Sources */,
			);
			runOnlyForDeploymentPostprocessing = 0;
		};
		7765C9A5299B331AB27572B5 /* Sources */ = {
			isa = PBXSourcesBuildPhase;
			buildActionMask = 2147483647;
			files = (
				7F290FCB30ECAD2D29E29CDE /* AchievementProgressSection.swift in Sources */,
				293738A3994E8DD53AC9282A /* ActiveSessionCard.swift in Sources */,
				BEB8C84914D69CCB1501E68B /* ActivityView.swift in Sources */,
				B0DF045643DF16345291E116 /* ActivityViewModel.swift in Sources */,
				B4670CD66C914D5BB98C7856 /* ArmyButton.swift in Sources */,
				31F6900F706BD74851DC96A3 /* ArmyCard.swift in Sources */,
				1C3143045AEF93D93E15F5BE /* ArmyProgressView.swift in Sources */,
				84E35EF9E02AA9BD87232BAE /* Color+Army.swift in Sources */,
				A0AC83D17AF5D03210C8F601 /* Color+Extensions.swift in Sources */,
				59E1612ACF74C40E307B68B4 /* CommunityView.swift in Sources */,
				685B20C11514F0ED2709F074 /* Font+Army.swift in Sources */,
				722B95F485CA69F84BCEB3E2 /* MainTabView.swift in Sources */,
				3D9D1559D7E8A84190186C32 /* NavigationState.swift in Sources */,
				6D6791794F32F1582ADD1E0E /* PersonalRecordsSection.swift in Sources */,
				5C7A439F5EB24536A52A93D7 /* ProfileView.swift in Sources */,
				4179B18AB381281913778537 /* ProgressChart.swift in Sources */,
				604E0CDE5BE613A27F77E4F3 /* ProgressModels.swift in Sources */,
				6C4115DB419D16A2F3352E07 /* ProgressView.swift in Sources */,
				06B78F0B5FED94B29D4A2CAB /* ProgressViewModel.swift in Sources */,
				1CC67855A47B40AEA85F2387 /* QuickStatsSection.swift in Sources */,
				A5DD27E00721D26A488CEEFA /* RecentActivitiesSection.swift in Sources */,
				4E5869EC4B1E3D666E866BD5 /* RoutesView.swift in Sources */,
				521E5D6E8B762D4317916AEB /* RuckMapApp.swift in Sources */,
				4073AC1C9AA0C0610CC32993 /* RuckingSession.swift in Sources */,
				99B851E7436BBE9EF462CDA2 /* StartRuckCard.swift in Sources */,
				7C6F9CE7F3DD7271A3B47B57 /* SummaryStatsGrid.swift in Sources */,
				94DD82BA454B8375865BA3EF /* TimeRangePicker.swift in Sources */,
			);
			runOnlyForDeploymentPostprocessing = 0;
		};
/* End PBXSourcesBuildPhase section */

/* Begin PBXTargetDependency section */
		58E6F213A913A03E3B4FF99E /* PBXTargetDependency */ = {
			isa = PBXTargetDependency;
			target = FA825087D7FED906489E7A88 /* RuckMap */;
			targetProxy = 77881768B70F3D9783EC870A /* PBXContainerItemProxy */;
		};
		BBBCCAD625B4AE3319F65EA7 /* PBXTargetDependency */ = {
			isa = PBXTargetDependency;
			target = FA825087D7FED906489E7A88 /* RuckMap */;
			targetProxy = 3B376F4D1B57AE1DDB38A0DC /* PBXContainerItemProxy */;
		};
/* End PBXTargetDependency section */

/* Begin XCBuildConfiguration section */
		179268693BA732EE61E89792 /* Debug */ = {
			isa = XCBuildConfiguration;
			buildSettings = {
				BUNDLE_LOADER = "$(TEST_HOST)";
				GENERATE_INFOPLIST_FILE = YES;
				LD_RUNPATH_SEARCH_PATHS = (
					"$(inherited)",
					"@executable_path/Frameworks",
					"@loader_path/Frameworks",
				);
				PRODUCT_BUNDLE_IDENTIFIER = com.ruckmap.RuckMapUITests;
				SDKROOT = iphoneos;
				TARGETED_DEVICE_FAMILY = "1,2";
				TEST_TARGET_NAME = RuckMap;
			};
			name = Debug;
		};
		2A0C137FB9B1A5F8959140F0 /* Debug */ = {
			isa = XCBuildConfiguration;
			buildSettings = {
				BUNDLE_LOADER = "$(TEST_HOST)";
				GENERATE_INFOPLIST_FILE = YES;
				LD_RUNPATH_SEARCH_PATHS = (
					"$(inherited)",
					"@executable_path/Frameworks",
					"@loader_path/Frameworks",
				);
				PRODUCT_BUNDLE_IDENTIFIER = com.ruckmap.RuckMapTests;
				SDKROOT = iphoneos;
				TARGETED_DEVICE_FAMILY = "1,2";
				TEST_HOST = "$(BUILT_PRODUCTS_DIR)/RuckMap.app/$(BUNDLE_EXECUTABLE_FOLDER_PATH)/RuckMap";
			};
			name = Debug;
		};
		2FA38FC44920F448487431F8 /* Release */ = {
			isa = XCBuildConfiguration;
			buildSettings = {
				ALWAYS_SEARCH_USER_PATHS = NO;
				CLANG_ANALYZER_NONNULL = YES;
				CLANG_ANALYZER_NUMBER_OBJECT_CONVERSION = YES_AGGRESSIVE;
				CLANG_CXX_LANGUAGE_STANDARD = "gnu++14";
				CLANG_CXX_LIBRARY = "libc++";
				CLANG_ENABLE_MODULES = YES;
				CLANG_ENABLE_OBJC_ARC = YES;
				CLANG_ENABLE_OBJC_WEAK = YES;
				CLANG_WARN_BLOCK_CAPTURE_AUTORELEASING = YES;
				CLANG_WARN_BOOL_CONVERSION = YES;
				CLANG_WARN_COMMA = YES;
				CLANG_WARN_CONSTANT_CONVERSION = YES;
				CLANG_WARN_DEPRECATED_OBJC_IMPLEMENTATIONS = YES;
				CLANG_WARN_DIRECT_OBJC_ISA_USAGE = YES_ERROR;
				CLANG_WARN_DOCUMENTATION_COMMENTS = YES;
				CLANG_WARN_EMPTY_BODY = YES;
				CLANG_WARN_ENUM_CONVERSION = YES;
				CLANG_WARN_INFINITE_RECURSION = YES;
				CLANG_WARN_INT_CONVERSION = YES;
				CLANG_WARN_NON_LITERAL_NULL_CONVERSION = YES;
				CLANG_WARN_OBJC_IMPLICIT_RETAIN_SELF = YES;
				CLANG_WARN_OBJC_LITERAL_CONVERSION = YES;
				CLANG_WARN_OBJC_ROOT_CLASS = YES_ERROR;
				CLANG_WARN_QUOTED_INCLUDE_IN_FRAMEWORK_HEADER = YES;
				CLANG_WARN_RANGE_LOOP_ANALYSIS = YES;
				CLANG_WARN_STRICT_PROTOTYPES = YES;
				CLANG_WARN_SUSPICIOUS_MOVE = YES;
				CLANG_WARN_UNGUARDED_AVAILABILITY = YES_AGGRESSIVE;
				CLANG_WARN_UNREACHABLE_CODE = YES;
				CLANG_WARN__DUPLICATE_METHOD_MATCH = YES;
				COPY_PHASE_STRIP = NO;
				CURRENT_PROJECT_VERSION = 1;
				DEBUG_INFORMATION_FORMAT = dwarf;
				DEVELOPMENT_TEAM = "";
				ENABLE_NS_ASSERTIONS = NO;
				ENABLE_STRICT_OBJC_MSGSEND = YES;
				ENABLE_TESTABILITY = YES;
				GCC_C_LANGUAGE_STANDARD = gnu11;
				GCC_NO_COMMON_BLOCKS = YES;
				GCC_WARN_64_TO_32_BIT_CONVERSION = YES;
				GCC_WARN_ABOUT_RETURN_TYPE = YES_ERROR;
				GCC_WARN_UNDECLARED_SELECTOR = YES;
				GCC_WARN_UNINITIALIZED_AUTOS = YES_AGGRESSIVE;
				GCC_WARN_UNUSED_FUNCTION = YES;
				GCC_WARN_UNUSED_VARIABLE = YES;
				IPHONEOS_DEPLOYMENT_TARGET = 18.0;
				MARKETING_VERSION = 1.0.0;
				MTL_ENABLE_DEBUG_INFO = INCLUDE_SOURCE;
				MTL_FAST_MATH = YES;
				PRODUCT_NAME = "$(TARGET_NAME)";
				SDKROOT = iphoneos;
				SWIFT_ACTIVE_COMPILATION_CONDITIONS = DEBUG;
				SWIFT_COMPILATION_MODE = wholemodule;
				SWIFT_OPTIMIZATION_LEVEL = "-Onone";
				SWIFT_VERSION = 6.0;
			};
			name = Release;
		};
		841BFCB3084DA910D0CBB886 /* Release */ = {
			isa = XCBuildConfiguration;
			buildSettings = {
				BUNDLE_LOADER = "$(TEST_HOST)";
				GENERATE_INFOPLIST_FILE = YES;
				LD_RUNPATH_SEARCH_PATHS = (
					"$(inherited)",
					"@executable_path/Frameworks",
					"@loader_path/Frameworks",
				);
				PRODUCT_BUNDLE_IDENTIFIER = com.ruckmap.RuckMapUITests;
				SDKROOT = iphoneos;
				TARGETED_DEVICE_FAMILY = "1,2";
				TEST_TARGET_NAME = RuckMap;
			};
			name = Release;
		};
		A1F5667624CA39F4DFB5B54F /* Debug */ = {
			isa = XCBuildConfiguration;
			buildSettings = {
				ASSETCATALOG_COMPILER_APPICON_NAME = AppIcon;
				ASSETCATALOG_COMPILER_GLOBAL_ACCENT_COLOR = AccentColor;
				CODE_SIGN_IDENTITY = "iPhone Developer";
				DEVELOPMENT_ASSET_PATHS = "\"RuckMap/Preview Content\"";
				ENABLE_PREVIEWS = YES;
				GENERATE_INFOPLIST_FILE = YES;
				INFOPLIST_KEY_NSHealthShareUsageDescription = "RuckMap reads your health data to provide personalized fitness insights and track your progress.";
				INFOPLIST_KEY_NSHealthUpdateUsageDescription = "RuckMap saves your rucking workouts to Apple Health to keep all your fitness data in one place.";
				INFOPLIST_KEY_NSLocationAlwaysAndWhenInUseUsageDescription = "RuckMap needs your location to track your rucking routes even when the app is in the background.";
				INFOPLIST_KEY_NSLocationWhenInUseUsageDescription = "RuckMap needs your location to track your rucking routes and calculate accurate distance and elevation data.";
				INFOPLIST_KEY_NSMotionUsageDescription = "RuckMap uses motion data to improve the accuracy of your rucking metrics and detect when you're moving.";
				INFOPLIST_KEY_UIApplicationSceneManifest_Generation = YES;
				INFOPLIST_KEY_UIApplicationSupportsIndirectInputEvents = YES;
				INFOPLIST_KEY_UILaunchScreen_Generation = YES;
				INFOPLIST_KEY_UISupportedInterfaceOrientations_iPad = "UIInterfaceOrientationPortrait UIInterfaceOrientationPortraitUpsideDown UIInterfaceOrientationLandscapeLeft UIInterfaceOrientationLandscapeRight";
				INFOPLIST_KEY_UISupportedInterfaceOrientations_iPhone = "UIInterfaceOrientationPortrait UIInterfaceOrientationLandscapeLeft UIInterfaceOrientationLandscapeRight";
				LD_RUNPATH_SEARCH_PATHS = (
					"$(inherited)",
					"@executable_path/Frameworks",
				);
				PRODUCT_BUNDLE_IDENTIFIER = com.ruckmap.RuckMap;
				SDKROOT = iphoneos;
				SUPPORTS_MACCATALYST = NO;
				SUPPORTS_MAC_DESIGNED_FOR_IPHONE_IPAD = NO;
				SWIFT_EMIT_LOC_STRINGS = YES;
				TARGETED_DEVICE_FAMILY = "1,2";
			};
			name = Debug;
		};
		CA2C1064A4A9C845B447BD50 /* Release */ = {
			isa = XCBuildConfiguration;
			buildSettings = {
				ASSETCATALOG_COMPILER_APPICON_NAME = AppIcon;
				ASSETCATALOG_COMPILER_GLOBAL_ACCENT_COLOR = AccentColor;
				CODE_SIGN_IDENTITY = "iPhone Developer";
				DEVELOPMENT_ASSET_PATHS = "\"RuckMap/Preview Content\"";
				ENABLE_PREVIEWS = YES;
				GENERATE_INFOPLIST_FILE = YES;
				INFOPLIST_KEY_NSHealthShareUsageDescription = "RuckMap reads your health data to provide personalized fitness insights and track your progress.";
				INFOPLIST_KEY_NSHealthUpdateUsageDescription = "RuckMap saves your rucking workouts to Apple Health to keep all your fitness data in one place.";
				INFOPLIST_KEY_NSLocationAlwaysAndWhenInUseUsageDescription = "RuckMap needs your location to track your rucking routes even when the app is in the background.";
				INFOPLIST_KEY_NSLocationWhenInUseUsageDescription = "RuckMap needs your location to track your rucking routes and calculate accurate distance and elevation data.";
				INFOPLIST_KEY_NSMotionUsageDescription = "RuckMap uses motion data to improve the accuracy of your rucking metrics and detect when you're moving.";
				INFOPLIST_KEY_UIApplicationSceneManifest_Generation = YES;
				INFOPLIST_KEY_UIApplicationSupportsIndirectInputEvents = YES;
				INFOPLIST_KEY_UILaunchScreen_Generation = YES;
				INFOPLIST_KEY_UISupportedInterfaceOrientations_iPad = "UIInterfaceOrientationPortrait UIInterfaceOrientationPortraitUpsideDown UIInterfaceOrientationLandscapeLeft UIInterfaceOrientationLandscapeRight";
				INFOPLIST_KEY_UISupportedInterfaceOrientations_iPhone = "UIInterfaceOrientationPortrait UIInterfaceOrientationLandscapeLeft UIInterfaceOrientationLandscapeRight";
				LD_RUNPATH_SEARCH_PATHS = (
					"$(inherited)",
					"@executable_path/Frameworks",
				);
				PRODUCT_BUNDLE_IDENTIFIER = com.ruckmap.RuckMap;
				SDKROOT = iphoneos;
				SUPPORTS_MACCATALYST = NO;
				SUPPORTS_MAC_DESIGNED_FOR_IPHONE_IPAD = NO;
				SWIFT_EMIT_LOC_STRINGS = YES;
				TARGETED_DEVICE_FAMILY = "1,2";
			};
			name = Release;
		};
		D203F218FACB749A7DDDFB04 /* Debug */ = {
			isa = XCBuildConfiguration;
			buildSettings = {
				ALWAYS_SEARCH_USER_PATHS = NO;
				CLANG_ANALYZER_NONNULL = YES;
				CLANG_ANALYZER_NUMBER_OBJECT_CONVERSION = YES_AGGRESSIVE;
				CLANG_CXX_LANGUAGE_STANDARD = "gnu++14";
				CLANG_CXX_LIBRARY = "libc++";
				CLANG_ENABLE_MODULES = YES;
				CLANG_ENABLE_OBJC_ARC = YES;
				CLANG_ENABLE_OBJC_WEAK = YES;
				CLANG_WARN_BLOCK_CAPTURE_AUTORELEASING = YES;
				CLANG_WARN_BOOL_CONVERSION = YES;
				CLANG_WARN_COMMA = YES;
				CLANG_WARN_CONSTANT_CONVERSION = YES;
				CLANG_WARN_DEPRECATED_OBJC_IMPLEMENTATIONS = YES;
				CLANG_WARN_DIRECT_OBJC_ISA_USAGE = YES_ERROR;
				CLANG_WARN_DOCUMENTATION_COMMENTS = YES;
				CLANG_WARN_EMPTY_BODY = YES;
				CLANG_WARN_ENUM_CONVERSION = YES;
				CLANG_WARN_INFINITE_RECURSION = YES;
				CLANG_WARN_INT_CONVERSION = YES;
				CLANG_WARN_NON_LITERAL_NULL_CONVERSION = YES;
				CLANG_WARN_OBJC_IMPLICIT_RETAIN_SELF = YES;
				CLANG_WARN_OBJC_LITERAL_CONVERSION = YES;
				CLANG_WARN_OBJC_ROOT_CLASS = YES_ERROR;
				CLANG_WARN_QUOTED_INCLUDE_IN_FRAMEWORK_HEADER = YES;
				CLANG_WARN_RANGE_LOOP_ANALYSIS = YES;
				CLANG_WARN_STRICT_PROTOTYPES = YES;
				CLANG_WARN_SUSPICIOUS_MOVE = YES;
				CLANG_WARN_UNGUARDED_AVAILABILITY = YES_AGGRESSIVE;
				CLANG_WARN_UNREACHABLE_CODE = YES;
				CLANG_WARN__DUPLICATE_METHOD_MATCH = YES;
				COPY_PHASE_STRIP = NO;
				CURRENT_PROJECT_VERSION = 1;
				DEBUG_INFORMATION_FORMAT = dwarf;
				DEVELOPMENT_TEAM = "";
				ENABLE_NS_ASSERTIONS = NO;
				ENABLE_STRICT_OBJC_MSGSEND = YES;
				ENABLE_TESTABILITY = YES;
				GCC_C_LANGUAGE_STANDARD = gnu11;
				GCC_DYNAMIC_NO_PIC = NO;
				GCC_NO_COMMON_BLOCKS = YES;
				GCC_OPTIMIZATION_LEVEL = 0;
				GCC_PREPROCESSOR_DEFINITIONS = (
					"$(inherited)",
					"DEBUG=1",
				);
				GCC_WARN_64_TO_32_BIT_CONVERSION = YES;
				GCC_WARN_ABOUT_RETURN_TYPE = YES_ERROR;
				GCC_WARN_UNDECLARED_SELECTOR = YES;
				GCC_WARN_UNINITIALIZED_AUTOS = YES_AGGRESSIVE;
				GCC_WARN_UNUSED_FUNCTION = YES;
				GCC_WARN_UNUSED_VARIABLE = YES;
				IPHONEOS_DEPLOYMENT_TARGET = 18.0;
				MARKETING_VERSION = 1.0.0;
				MTL_ENABLE_DEBUG_INFO = INCLUDE_SOURCE;
				MTL_FAST_MATH = YES;
				ONLY_ACTIVE_ARCH = YES;
				PRODUCT_NAME = "$(TARGET_NAME)";
				SDKROOT = iphoneos;
				SWIFT_ACTIVE_COMPILATION_CONDITIONS = DEBUG;
				SWIFT_OPTIMIZATION_LEVEL = "-Onone";
				SWIFT_VERSION = 6.0;
			};
			name = Debug;
		};
		D4E6E7A9C9E1640B63143BAF /* Release */ = {
			isa = XCBuildConfiguration;
			buildSettings = {
				BUNDLE_LOADER = "$(TEST_HOST)";
				GENERATE_INFOPLIST_FILE = YES;
				LD_RUNPATH_SEARCH_PATHS = (
					"$(inherited)",
					"@executable_path/Frameworks",
					"@loader_path/Frameworks",
				);
				PRODUCT_BUNDLE_IDENTIFIER = com.ruckmap.RuckMapTests;
				SDKROOT = iphoneos;
				TARGETED_DEVICE_FAMILY = "1,2";
				TEST_HOST = "$(BUILT_PRODUCTS_DIR)/RuckMap.app/$(BUNDLE_EXECUTABLE_FOLDER_PATH)/RuckMap";
			};
			name = Release;
		};
/* End XCBuildConfiguration section */

/* Begin XCConfigurationList section */
		00D5B68172A5A6E647F180E0 /* Build configuration list for PBXProject "RuckMap" */ = {
			isa = XCConfigurationList;
			buildConfigurations = (
				D203F218FACB749A7DDDFB04 /* Debug */,
				2FA38FC44920F448487431F8 /* Release */,
			);
			defaultConfigurationIsVisible = 0;
			defaultConfigurationName = Debug;
		};
		40C5FD2E447ECD00B1DD17B6 /* Build configuration list for PBXNativeTarget "RuckMapTests" */ = {
			isa = XCConfigurationList;
			buildConfigurations = (
				2A0C137FB9B1A5F8959140F0 /* Debug */,
				D4E6E7A9C9E1640B63143BAF /* Release */,
			);
			defaultConfigurationIsVisible = 0;
			defaultConfigurationName = Debug;
		};
		4C28563CB165DDA607E0A148 /* Build configuration list for PBXNativeTarget "RuckMap" */ = {
			isa = XCConfigurationList;
			buildConfigurations = (
				A1F5667624CA39F4DFB5B54F /* Debug */,
				CA2C1064A4A9C845B447BD50 /* Release */,
			);
			defaultConfigurationIsVisible = 0;
			defaultConfigurationName = Debug;
		};
		FFF9CBE4F973FF7CC129BF8D /* Build configuration list for PBXNativeTarget "RuckMapUITests" */ = {
			isa = XCConfigurationList;
			buildConfigurations = (
				179268693BA732EE61E89792 /* Debug */,
				841BFCB3084DA910D0CBB886 /* Release */,
			);
			defaultConfigurationIsVisible = 0;
			defaultConfigurationName = Debug;
		};
/* End XCConfigurationList section */

/* Begin XCRemoteSwiftPackageReference section */
		29FF647FF3DDFDF365C8D320 /* XCRemoteSwiftPackageReference "wishkit-ios" */ = {
			isa = XCRemoteSwiftPackageReference;
			repositoryURL = "https://github.com/wishkit/wishkit-ios";
			requirement = {
				kind = upToNextMajorVersion;
				minimumVersion = 4.0.0;
			};
		};
		329298D63007BF4954CB3960 /* XCRemoteSwiftPackageReference "SwiftSDK" */ = {
			isa = XCRemoteSwiftPackageReference;
			repositoryURL = "https://github.com/TelemetryDeck/SwiftSDK";
			requirement = {
				kind = upToNextMajorVersion;
				minimumVersion = 2.0.0;
			};
		};
		3628A5C7E134623BBFE79735 /* XCRemoteSwiftPackageReference "purchases-ios-spm" */ = {
			isa = XCRemoteSwiftPackageReference;
			repositoryURL = "https://github.com/RevenueCat/purchases-ios-spm";
			requirement = {
				kind = upToNextMajorVersion;
				minimumVersion = 5.0.0;
			};
		};
		46F514849DD257079BEFB9B3 /* XCRemoteSwiftPackageReference "firebase-ios-sdk" */ = {
			isa = XCRemoteSwiftPackageReference;
			repositoryURL = "https://github.com/firebase/firebase-ios-sdk";
			requirement = {
				kind = upToNextMajorVersion;
				minimumVersion = 11.0.0;
			};
		};
/* End XCRemoteSwiftPackageReference section */

/* Begin XCSwiftPackageProductDependency section */
		27FCBF7070CBBE56B1D1A4AC /* FirebaseCrashlytics */ = {
			isa = XCSwiftPackageProductDependency;
			package = 46F514849DD257079BEFB9B3 /* XCRemoteSwiftPackageReference "firebase-ios-sdk" */;
			productName = FirebaseCrashlytics;
		};
		49D06CE1114F3D1216B421EA /* WishKit */ = {
			isa = XCSwiftPackageProductDependency;
			package = 29FF647FF3DDFDF365C8D320 /* XCRemoteSwiftPackageReference "wishkit-ios" */;
			productName = WishKit;
		};
		5265D489BC7125EA48681348 /* RevenueCat */ = {
			isa = XCSwiftPackageProductDependency;
			package = 3628A5C7E134623BBFE79735 /* XCRemoteSwiftPackageReference "purchases-ios-spm" */;
			productName = RevenueCat;
		};
		6E6293A61F25789D0075678D /* FirebaseAnalytics */ = {
			isa = XCSwiftPackageProductDependency;
			package = 46F514849DD257079BEFB9B3 /* XCRemoteSwiftPackageReference "firebase-ios-sdk" */;
			productName = FirebaseAnalytics;
		};
		DFB6272E4042A955E0ADBD6D /* RevenueCatUI */ = {
			isa = XCSwiftPackageProductDependency;
			package = 3628A5C7E134623BBFE79735 /* XCRemoteSwiftPackageReference "purchases-ios-spm" */;
			productName = RevenueCatUI;
		};
		FE46883195B93F075E8AEFFA /* TelemetryDeck */ = {
			isa = XCSwiftPackageProductDependency;
			package = 329298D63007BF4954CB3960 /* XCRemoteSwiftPackageReference "SwiftSDK" */;
			productName = TelemetryDeck;
		};
/* End XCSwiftPackageProductDependency section */
	};
	rootObject = 03DB0E5D9C02A9E562BDBBFC /* Project object */;
}
